PODS:
  - Alamofire (3.4.0)
  - DGElasticPullToRefresh (1.0.3)
  - EZSwiftExtensions (1.4)
  - MGSwipeTableCell (1.5.5)
  - PullToBounce (0.0.3)

DEPENDENCIES:
  - Alamofire
  - DGElasticPullToRefresh
  - EZSwiftExtensions
  - MGSwipeTableCell
  - PullToBounce

SPEC CHECKSUMS:
  Alamofire: c19a627cefd6a95f840401c49ab1f124e07f54ee
  DGElasticPullToRefresh: 040f39ae69840b3261d163fe6735c5901bf851e9
  EZSwiftExtensions: db7be0022fce8e92cdfe0fadddaf835fcd9696db
  MGSwipeTableCell: bafeb5f351124544c9364ecbdf24c7b06a37d340
  PullToBounce: d2c6300b92fa124f7133e0ca0088bbf7a7059194

PODFILE CHECKSUM: 5ba0bd68d4225928feea2c2d9446f0ec8873dedc

COCOAPODS: 1.0.1
