// !$*UTF8*$!
{
	archiveVersion = 1;
	classes = {
	};
	objectVersion = 46;
	objects = {

/* Begin PBXBuildFile section */
		299586A21CF83F51000C4249 /* GraphView.swift in Sources */ = {isa = PBXBuildFile; fileRef = 299586A11CF83F51000C4249 /* GraphView.swift */; };
		299586A41CF84285000C4249 /* UIColor+colorFromHex.swift in Sources */ = {isa = PBXBuildFile; fileRef = 299586A31CF84285000C4249 /* UIColor+colorFromHex.swift */; };
		2BDFDACEB8863956714F94E9 /* Pods_KodeoUITests.framework in Frameworks */ = {isa = PBXBuildFile; fileRef = 0C3E9383B72FAE49C2DFA7F8 /* Pods_KodeoUITests.framework */; };
		310119659C1433C797FEE72C /* Pods_KodeoTests.framework in Frameworks */ = {isa = PBXBuildFile; fileRef = AB372A2751F27E87284EF359 /* Pods_KodeoTests.framework */; };
		B2737E627A56F230461BA1F8 /* Pods_Kodeo.framework in Frameworks */ = {isa = PBXBuildFile; fileRef = 7049874AFF1026F1F21CFFAA /* Pods_Kodeo.framework */; };
		C24771351CEA95C000D67B3B /* AppDelegate.swift in Sources */ = {isa = PBXBuildFile; fileRef = C24771341CEA95C000D67B3B /* AppDelegate.swift */; };
		C24771371CEA95C000D67B3B /* ViewController.swift in Sources */ = {isa = PBXBuildFile; fileRef = C24771361CEA95C000D67B3B /* ViewController.swift */; };
		C247713A1CEA95C000D67B3B /* Main.storyboard in Resources */ = {isa = PBXBuildFile; fileRef = C24771381CEA95C000D67B3B /* Main.storyboard */; };
		C247713C1CEA95C000D67B3B /* Assets.xcassets in Resources */ = {isa = PBXBuildFile; fileRef = C247713B1CEA95C000D67B3B /* Assets.xcassets */; };
		C247713F1CEA95C000D67B3B /* LaunchScreen.storyboard in Resources */ = {isa = PBXBuildFile; fileRef = C247713D1CEA95C000D67B3B /* LaunchScreen.storyboard */; };
		C247714A1CEA95C000D67B3B /* KodeoTests.swift in Sources */ = {isa = PBXBuildFile; fileRef = C24771491CEA95C000D67B3B /* KodeoTests.swift */; };
		C24771551CEA95C000D67B3B /* KodeoUITests.swift in Sources */ = {isa = PBXBuildFile; fileRef = C24771541CEA95C000D67B3B /* KodeoUITests.swift */; };
		C25095DD1CEEA41F007E2F36 /* UserTableViewCell.swift in Sources */ = {isa = PBXBuildFile; fileRef = C25095DC1CEEA41F007E2F36 /* UserTableViewCell.swift */; };
		C25A8F521CFFAD02003C5CA4 /* AddFriendViewController.swift in Sources */ = {isa = PBXBuildFile; fileRef = C25A8F511CFFAD02003C5CA4 /* AddFriendViewController.swift */; };
		C25A8F541CFFB9A0003C5CA4 /* FriendTableViewCell.swift in Sources */ = {isa = PBXBuildFile; fileRef = C25A8F531CFFB9A0003C5CA4 /* FriendTableViewCell.swift */; };
		C2DDEA881CF3D45D003E1BF3 /* DetailUserViewController.swift in Sources */ = {isa = PBXBuildFile; fileRef = C2DDEA871CF3D45D003E1BF3 /* DetailUserViewController.swift */; };
		C2DDEA8E1CF3DA36003E1BF3 /* FlowerChart.swift in Sources */ = {isa = PBXBuildFile; fileRef = C2DDEA8D1CF3DA36003E1BF3 /* FlowerChart.swift */; };
		C2F3D8D31CED2FAF0064DF4B /* User.swift in Sources */ = {isa = PBXBuildFile; fileRef = C2F3D8D21CED2FAF0064DF4B /* User.swift */; };
		C2F3D8D51CED323B0064DF4B /* UserManager.swift in Sources */ = {isa = PBXBuildFile; fileRef = C2F3D8D41CED323B0064DF4B /* UserManager.swift */; };
		C2F3D8D71CED33FB0064DF4B /* Netwerker.swift in Sources */ = {isa = PBXBuildFile; fileRef = C2F3D8D61CED33FB0064DF4B /* Netwerker.swift */; };
/* End PBXBuildFile section */

/* Begin PBXContainerItemProxy section */
		C24771461CEA95C000D67B3B /* PBXContainerItemProxy */ = {
			isa = PBXContainerItemProxy;
			containerPortal = C24771291CEA95C000D67B3B /* Project object */;
			proxyType = 1;
			remoteGlobalIDString = C24771301CEA95C000D67B3B;
			remoteInfo = Kodeo;
		};
		C24771511CEA95C000D67B3B /* PBXContainerItemProxy */ = {
			isa = PBXContainerItemProxy;
			containerPortal = C24771291CEA95C000D67B3B /* Project object */;
			proxyType = 1;
			remoteGlobalIDString = C24771301CEA95C000D67B3B;
			remoteInfo = Kodeo;
		};
/* End PBXContainerItemProxy section */

/* Begin PBXFileReference section */
		01B8A769340791B8AE33726C /* Pods-KodeoUITests.debug.xcconfig */ = {isa = PBXFileReference; includeInIndex = 1; lastKnownFileType = text.xcconfig; name = "Pods-KodeoUITests.debug.xcconfig"; path = "Pods/Target Support Files/Pods-KodeoUITests/Pods-KodeoUITests.debug.xcconfig"; sourceTree = "<group>"; };
		0C3E9383B72FAE49C2DFA7F8 /* Pods_KodeoUITests.framework */ = {isa = PBXFileReference; explicitFileType = wrapper.framework; includeInIndex = 0; path = Pods_KodeoUITests.framework; sourceTree = BUILT_PRODUCTS_DIR; };
		299586A11CF83F51000C4249 /* GraphView.swift */ = {isa = PBXFileReference; fileEncoding = 4; lastKnownFileType = sourcecode.swift; path = GraphView.swift; sourceTree = "<group>"; };
		299586A31CF84285000C4249 /* UIColor+colorFromHex.swift */ = {isa = PBXFileReference; fileEncoding = 4; lastKnownFileType = sourcecode.swift; path = "UIColor+colorFromHex.swift"; sourceTree = "<group>"; };
		37FD7DF78096E9F6F45FCC43 /* Pods-KodeoTests.debug.xcconfig */ = {isa = PBXFileReference; includeInIndex = 1; lastKnownFileType = text.xcconfig; name = "Pods-KodeoTests.debug.xcconfig"; path = "Pods/Target Support Files/Pods-KodeoTests/Pods-KodeoTests.debug.xcconfig"; sourceTree = "<group>"; };
		7049874AFF1026F1F21CFFAA /* Pods_Kodeo.framework */ = {isa = PBXFileReference; explicitFileType = wrapper.framework; includeInIndex = 0; path = Pods_Kodeo.framework; sourceTree = BUILT_PRODUCTS_DIR; };
		97A111E6C7BE3AE7E01C6169 /* Pods-KodeoUITests.release.xcconfig */ = {isa = PBXFileReference; includeInIndex = 1; lastKnownFileType = text.xcconfig; name = "Pods-KodeoUITests.release.xcconfig"; path = "Pods/Target Support Files/Pods-KodeoUITests/Pods-KodeoUITests.release.xcconfig"; sourceTree = "<group>"; };
		AB372A2751F27E87284EF359 /* Pods_KodeoTests.framework */ = {isa = PBXFileReference; explicitFileType = wrapper.framework; includeInIndex = 0; path = Pods_KodeoTests.framework; sourceTree = BUILT_PRODUCTS_DIR; };
		C0EF4254F8D5594D145F76A9 /* Pods-Kodeo.debug.xcconfig */ = {isa = PBXFileReference; includeInIndex = 1; lastKnownFileType = text.xcconfig; name = "Pods-Kodeo.debug.xcconfig"; path = "Pods/Target Support Files/Pods-Kodeo/Pods-Kodeo.debug.xcconfig"; sourceTree = "<group>"; };
		C16ECF3439892E737248AD2E /* Pods-KodeoTests.release.xcconfig */ = {isa = PBXFileReference; includeInIndex = 1; lastKnownFileType = text.xcconfig; name = "Pods-KodeoTests.release.xcconfig"; path = "Pods/Target Support Files/Pods-KodeoTests/Pods-KodeoTests.release.xcconfig"; sourceTree = "<group>"; };
		C24771311CEA95C000D67B3B /* Kodeo.app */ = {isa = PBXFileReference; explicitFileType = wrapper.application; includeInIndex = 0; path = Kodeo.app; sourceTree = BUILT_PRODUCTS_DIR; };
		C24771341CEA95C000D67B3B /* AppDelegate.swift */ = {isa = PBXFileReference; lastKnownFileType = sourcecode.swift; path = AppDelegate.swift; sourceTree = "<group>"; };
		C24771361CEA95C000D67B3B /* ViewController.swift */ = {isa = PBXFileReference; lastKnownFileType = sourcecode.swift; path = ViewController.swift; sourceTree = "<group>"; };
		C24771391CEA95C000D67B3B /* Base */ = {isa = PBXFileReference; lastKnownFileType = file.storyboard; name = Base; path = Base.lproj/Main.storyboard; sourceTree = "<group>"; };
		C247713B1CEA95C000D67B3B /* Assets.xcassets */ = {isa = PBXFileReference; lastKnownFileType = folder.assetcatalog; path = Assets.xcassets; sourceTree = "<group>"; };
		C247713E1CEA95C000D67B3B /* Base */ = {isa = PBXFileReference; lastKnownFileType = file.storyboard; name = Base; path = Base.lproj/LaunchScreen.storyboard; sourceTree = "<group>"; };
		C24771401CEA95C000D67B3B /* Info.plist */ = {isa = PBXFileReference; lastKnownFileType = text.plist.xml; path = Info.plist; sourceTree = "<group>"; };
		C24771451CEA95C000D67B3B /* KodeoTests.xctest */ = {isa = PBXFileReference; explicitFileType = wrapper.cfbundle; includeInIndex = 0; path = KodeoTests.xctest; sourceTree = BUILT_PRODUCTS_DIR; };
		C24771491CEA95C000D67B3B /* KodeoTests.swift */ = {isa = PBXFileReference; lastKnownFileType = sourcecode.swift; path = KodeoTests.swift; sourceTree = "<group>"; };
		C247714B1CEA95C000D67B3B /* Info.plist */ = {isa = PBXFileReference; lastKnownFileType = text.plist.xml; path = Info.plist; sourceTree = "<group>"; };
		C24771501CEA95C000D67B3B /* KodeoUITests.xctest */ = {isa = PBXFileReference; explicitFileType = wrapper.cfbundle; includeInIndex = 0; path = KodeoUITests.xctest; sourceTree = BUILT_PRODUCTS_DIR; };
		C24771541CEA95C000D67B3B /* KodeoUITests.swift */ = {isa = PBXFileReference; lastKnownFileType = sourcecode.swift; path = KodeoUITests.swift; sourceTree = "<group>"; };
		C24771561CEA95C000D67B3B /* Info.plist */ = {isa = PBXFileReference; lastKnownFileType = text.plist.xml; path = Info.plist; sourceTree = "<group>"; };
		C25095DC1CEEA41F007E2F36 /* UserTableViewCell.swift */ = {isa = PBXFileReference; fileEncoding = 4; lastKnownFileType = sourcecode.swift; path = UserTableViewCell.swift; sourceTree = "<group>"; };
		C25A8F511CFFAD02003C5CA4 /* AddFriendViewController.swift */ = {isa = PBXFileReference; fileEncoding = 4; lastKnownFileType = sourcecode.swift; path = AddFriendViewController.swift; sourceTree = "<group>"; };
		C25A8F531CFFB9A0003C5CA4 /* FriendTableViewCell.swift */ = {isa = PBXFileReference; fileEncoding = 4; lastKnownFileType = sourcecode.swift; path = FriendTableViewCell.swift; sourceTree = "<group>"; };
		C2DDEA871CF3D45D003E1BF3 /* DetailUserViewController.swift */ = {isa = PBXFileReference; fileEncoding = 4; lastKnownFileType = sourcecode.swift; path = DetailUserViewController.swift; sourceTree = "<group>"; };
		C2DDEA8D1CF3DA36003E1BF3 /* FlowerChart.swift */ = {isa = PBXFileReference; fileEncoding = 4; lastKnownFileType = sourcecode.swift; path = FlowerChart.swift; sourceTree = "<group>"; };
		C2F3D8D21CED2FAF0064DF4B /* User.swift */ = {isa = PBXFileReference; fileEncoding = 4; lastKnownFileType = sourcecode.swift; path = User.swift; sourceTree = "<group>"; };
		C2F3D8D41CED323B0064DF4B /* UserManager.swift */ = {isa = PBXFileReference; fileEncoding = 4; lastKnownFileType = sourcecode.swift; path = UserManager.swift; sourceTree = "<group>"; };
		C2F3D8D61CED33FB0064DF4B /* Netwerker.swift */ = {isa = PBXFileReference; fileEncoding = 4; lastKnownFileType = sourcecode.swift; path = Netwerker.swift; sourceTree = "<group>"; };
		EE804699383505B42892A414 /* Pods-Kodeo.release.xcconfig */ = {isa = PBXFileReference; includeInIndex = 1; lastKnownFileType = text.xcconfig; name = "Pods-Kodeo.release.xcconfig"; path = "Pods/Target Support Files/Pods-Kodeo/Pods-Kodeo.release.xcconfig"; sourceTree = "<group>"; };
/* End PBXFileReference section */

/* Begin PBXFrameworksBuildPhase section */
		C247712E1CEA95C000D67B3B /* Frameworks */ = {
			isa = PBXFrameworksBuildPhase;
			buildActionMask = 2147483647;
			files = (
				B2737E627A56F230461BA1F8 /* Pods_Kodeo.framework in Frameworks */,
			);
			runOnlyForDeploymentPostprocessing = 0;
		};
		C24771421CEA95C000D67B3B /* Frameworks */ = {
			isa = PBXFrameworksBuildPhase;
			buildActionMask = 2147483647;
			files = (
				310119659C1433C797FEE72C /* Pods_KodeoTests.framework in Frameworks */,
			);
			runOnlyForDeploymentPostprocessing = 0;
		};
		C247714D1CEA95C000D67B3B /* Frameworks */ = {
			isa = PBXFrameworksBuildPhase;
			buildActionMask = 2147483647;
			files = (
				2BDFDACEB8863956714F94E9 /* Pods_KodeoUITests.framework in Frameworks */,
			);
			runOnlyForDeploymentPostprocessing = 0;
		};
/* End PBXFrameworksBuildPhase section */

/* Begin PBXGroup section */
		23FE926E12F2B11A34CF66DA /* Pods */ = {
			isa = PBXGroup;
			children = (
				C0EF4254F8D5594D145F76A9 /* Pods-Kodeo.debug.xcconfig */,
				EE804699383505B42892A414 /* Pods-Kodeo.release.xcconfig */,
				37FD7DF78096E9F6F45FCC43 /* Pods-KodeoTests.debug.xcconfig */,
				C16ECF3439892E737248AD2E /* Pods-KodeoTests.release.xcconfig */,
				01B8A769340791B8AE33726C /* Pods-KodeoUITests.debug.xcconfig */,
				97A111E6C7BE3AE7E01C6169 /* Pods-KodeoUITests.release.xcconfig */,
			);
			name = Pods;
			sourceTree = "<group>";
		};
		3D03E7BBAE43828E68B30332 /* Frameworks */ = {
			isa = PBXGroup;
			children = (
				7049874AFF1026F1F21CFFAA /* Pods_Kodeo.framework */,
				AB372A2751F27E87284EF359 /* Pods_KodeoTests.framework */,
				0C3E9383B72FAE49C2DFA7F8 /* Pods_KodeoUITests.framework */,
			);
			name = Frameworks;
			sourceTree = "<group>";
		};
		C24771281CEA95C000D67B3B = {
			isa = PBXGroup;
			children = (
				C24771331CEA95C000D67B3B /* Kodeo */,
				C24771481CEA95C000D67B3B /* KodeoTests */,
				C24771531CEA95C000D67B3B /* KodeoUITests */,
				C24771321CEA95C000D67B3B /* Products */,
				23FE926E12F2B11A34CF66DA /* Pods */,
				3D03E7BBAE43828E68B30332 /* Frameworks */,
			);
			sourceTree = "<group>";
		};
		C24771321CEA95C000D67B3B /* Products */ = {
			isa = PBXGroup;
			children = (
				C24771311CEA95C000D67B3B /* Kodeo.app */,
				C24771451CEA95C000D67B3B /* KodeoTests.xctest */,
				C24771501CEA95C000D67B3B /* KodeoUITests.xctest */,
			);
			name = Products;
			sourceTree = "<group>";
		};
		C24771331CEA95C000D67B3B /* Kodeo */ = {
			isa = PBXGroup;
			children = (
				C24771341CEA95C000D67B3B /* AppDelegate.swift */,
				C2DDEA891CF3D466003E1BF3 /* Model */,
				C24771381CEA95C000D67B3B /* Main.storyboard */,
				C25A8F531CFFB9A0003C5CA4 /* FriendTableViewCell.swift */,
				C25A8F511CFFAD02003C5CA4 /* AddFriendViewController.swift */,
				299586A31CF84285000C4249 /* UIColor+colorFromHex.swift */,
				C24771361CEA95C000D67B3B /* ViewController.swift */,
				299586A11CF83F51000C4249 /* GraphView.swift */,
				C25095DC1CEEA41F007E2F36 /* UserTableViewCell.swift */,
				C2DDEA871CF3D45D003E1BF3 /* DetailUserViewController.swift */,
				C2DDEA8D1CF3DA36003E1BF3 /* FlowerChart.swift */,
				C247713B1CEA95C000D67B3B /* Assets.xcassets */,
				C247713D1CEA95C000D67B3B /* LaunchScreen.storyboard */,
				C24771401CEA95C000D67B3B /* Info.plist */,
			);
			path = Kodeo;
			sourceTree = "<group>";
		};
		C24771481CEA95C000D67B3B /* KodeoTests */ = {
			isa = PBXGroup;
			children = (
				C24771491CEA95C000D67B3B /* KodeoTests.swift */,
				C247714B1CEA95C000D67B3B /* Info.plist */,
			);
			path = KodeoTests;
			sourceTree = "<group>";
		};
		C24771531CEA95C000D67B3B /* KodeoUITests */ = {
			isa = PBXGroup;
			children = (
				C24771541CEA95C000D67B3B /* KodeoUITests.swift */,
				C24771561CEA95C000D67B3B /* Info.plist */,
			);
			path = KodeoUITests;
			sourceTree = "<group>";
		};
		C2DDEA891CF3D466003E1BF3 /* Model */ = {
			isa = PBXGroup;
			children = (
				C2F3D8D61CED33FB0064DF4B /* Netwerker.swift */,
				C2F3D8D21CED2FAF0064DF4B /* User.swift */,
				C2F3D8D41CED323B0064DF4B /* UserManager.swift */,
			);
			name = Model;
			sourceTree = "<group>";
		};
/* End PBXGroup section */

/* Begin PBXNativeTarget section */
		C24771301CEA95C000D67B3B /* Kodeo */ = {
			isa = PBXNativeTarget;
			buildConfigurationList = C24771591CEA95C000D67B3B /* Build configuration list for PBXNativeTarget "Kodeo" */;
			buildPhases = (
				8E0F6B48C561029569B88439 /* [CP] Check Pods Manifest.lock */,
				C247712D1CEA95C000D67B3B /* Sources */,
				C247712E1CEA95C000D67B3B /* Frameworks */,
				C247712F1CEA95C000D67B3B /* Resources */,
				0369EF9558A4D255B26939C4 /* [CP] Embed Pods Frameworks */,
				5E82A2BAB2C2E58CBB8A505E /* [CP] Copy Pods Resources */,
			);
			buildRules = (
			);
			dependencies = (
			);
			name = Kodeo;
			productName = Kodeo;
			productReference = C24771311CEA95C000D67B3B /* Kodeo.app */;
			productType = "com.apple.product-type.application";
		};
		C24771441CEA95C000D67B3B /* KodeoTests */ = {
			isa = PBXNativeTarget;
			buildConfigurationList = C247715C1CEA95C000D67B3B /* Build configuration list for PBXNativeTarget "KodeoTests" */;
			buildPhases = (
				9039FC653E73D3A0A2923956 /* [CP] Check Pods Manifest.lock */,
				C24771411CEA95C000D67B3B /* Sources */,
				C24771421CEA95C000D67B3B /* Frameworks */,
				C24771431CEA95C000D67B3B /* Resources */,
				BF3D982AEF37F685F1E0BC05 /* [CP] Embed Pods Frameworks */,
				040B0A3350DC84597A006E20 /* [CP] Copy Pods Resources */,
			);
			buildRules = (
			);
			dependencies = (
				C24771471CEA95C000D67B3B /* PBXTargetDependency */,
			);
			name = KodeoTests;
			productName = KodeoTests;
			productReference = C24771451CEA95C000D67B3B /* KodeoTests.xctest */;
			productType = "com.apple.product-type.bundle.unit-test";
		};
		C247714F1CEA95C000D67B3B /* KodeoUITests */ = {
			isa = PBXNativeTarget;
			buildConfigurationList = C247715F1CEA95C000D67B3B /* Build configuration list for PBXNativeTarget "KodeoUITests" */;
			buildPhases = (
				A165C899517304B88CD95F1F /* [CP] Check Pods Manifest.lock */,
				C247714C1CEA95C000D67B3B /* Sources */,
				C247714D1CEA95C000D67B3B /* Frameworks */,
				C247714E1CEA95C000D67B3B /* Resources */,
				451C0C0A5AE6BC3B7B11880F /* [CP] Copy Pods Resources */,
			);
			buildRules = (
			);
			dependencies = (
				C24771521CEA95C000D67B3B /* PBXTargetDependency */,
			);
			name = KodeoUITests;
			productName = KodeoUITests;
			productReference = C24771501CEA95C000D67B3B /* KodeoUITests.xctest */;
			productType = "com.apple.product-type.bundle.ui-testing";
		};
/* End PBXNativeTarget section */

/* Begin PBXProject section */
		C24771291CEA95C000D67B3B /* Project object */ = {
			isa = PBXProject;
			attributes = {
				LastSwiftUpdateCheck = 0730;
				LastUpgradeCheck = 0730;
				ORGANIZATIONNAME = "Lucas Farah";
				TargetAttributes = {
					C24771301CEA95C000D67B3B = {
						CreatedOnToolsVersion = 7.3;
					};
					C24771441CEA95C000D67B3B = {
						CreatedOnToolsVersion = 7.3;
						TestTargetID = C24771301CEA95C000D67B3B;
					};
					C247714F1CEA95C000D67B3B = {
						CreatedOnToolsVersion = 7.3;
						TestTargetID = C24771301CEA95C000D67B3B;
					};
				};
			};
			buildConfigurationList = C247712C1CEA95C000D67B3B /* Build configuration list for PBXProject "Kodeo" */;
			compatibilityVersion = "Xcode 3.2";
			developmentRegion = English;
			hasScannedForEncodings = 0;
			knownRegions = (
				en,
				Base,
			);
			mainGroup = C24771281CEA95C000D67B3B;
			productRefGroup = C24771321CEA95C000D67B3B /* Products */;
			projectDirPath = "";
			projectRoot = "";
			targets = (
				C24771301CEA95C000D67B3B /* Kodeo */,
				C24771441CEA95C000D67B3B /* KodeoTests */,
				C247714F1CEA95C000D67B3B /* KodeoUITests */,
			);
		};
/* End PBXProject section */

/* Begin PBXResourcesBuildPhase section */
		C247712F1CEA95C000D67B3B /* Resources */ = {
			isa = PBXResourcesBuildPhase;
			buildActionMask = 2147483647;
			files = (
				C247713F1CEA95C000D67B3B /* LaunchScreen.storyboard in Resources */,
				C247713C1CEA95C000D67B3B /* Assets.xcassets in Resources */,
				C247713A1CEA95C000D67B3B /* Main.storyboard in Resources */,
			);
			runOnlyForDeploymentPostprocessing = 0;
		};
		C24771431CEA95C000D67B3B /* Resources */ = {
			isa = PBXResourcesBuildPhase;
			buildActionMask = 2147483647;
			files = (
			);
			runOnlyForDeploymentPostprocessing = 0;
		};
		C247714E1CEA95C000D67B3B /* Resources */ = {
			isa = PBXResourcesBuildPhase;
			buildActionMask = 2147483647;
			files = (
			);
			runOnlyForDeploymentPostprocessing = 0;
		};
/* End PBXResourcesBuildPhase section */

/* Begin PBXShellScriptBuildPhase section */
		0369EF9558A4D255B26939C4 /* [CP] Embed Pods Frameworks */ = {
			isa = PBXShellScriptBuildPhase;
			buildActionMask = 2147483647;
			files = (
			);
			inputPaths = (
			);
			name = "[CP] Embed Pods Frameworks";
			outputPaths = (
			);
			runOnlyForDeploymentPostprocessing = 0;
			shellPath = /bin/sh;
			shellScript = "\"${SRCROOT}/Pods/Target Support Files/Pods-Kodeo/Pods-Kodeo-frameworks.sh\"\n";
			showEnvVarsInLog = 0;
		};
		040B0A3350DC84597A006E20 /* [CP] Copy Pods Resources */ = {
			isa = PBXShellScriptBuildPhase;
			buildActionMask = 2147483647;
			files = (
			);
			inputPaths = (
			);
			name = "[CP] Copy Pods Resources";
			outputPaths = (
			);
			runOnlyForDeploymentPostprocessing = 0;
			shellPath = /bin/sh;
			shellScript = "\"${SRCROOT}/Pods/Target Support Files/Pods-KodeoTests/Pods-KodeoTests-resources.sh\"\n";
			showEnvVarsInLog = 0;
		};
		451C0C0A5AE6BC3B7B11880F /* [CP] Copy Pods Resources */ = {
			isa = PBXShellScriptBuildPhase;
			buildActionMask = 2147483647;
			files = (
			);
			inputPaths = (
			);
			name = "[CP] Copy Pods Resources";
			outputPaths = (
			);
			runOnlyForDeploymentPostprocessing = 0;
			shellPath = /bin/sh;
			shellScript = "\"${SRCROOT}/Pods/Target Support Files/Pods-KodeoUITests/Pods-KodeoUITests-resources.sh\"\n";
			showEnvVarsInLog = 0;
		};
		5E82A2BAB2C2E58CBB8A505E /* [CP] Copy Pods Resources */ = {
			isa = PBXShellScriptBuildPhase;
			buildActionMask = 2147483647;
			files = (
			);
			inputPaths = (
			);
			name = "[CP] Copy Pods Resources";
			outputPaths = (
			);
			runOnlyForDeploymentPostprocessing = 0;
			shellPath = /bin/sh;
			shellScript = "\"${SRCROOT}/Pods/Target Support Files/Pods-Kodeo/Pods-Kodeo-resources.sh\"\n";
			showEnvVarsInLog = 0;
		};
		8E0F6B48C561029569B88439 /* [CP] Check Pods Manifest.lock */ = {
			isa = PBXShellScriptBuildPhase;
			buildActionMask = 2147483647;
			files = (
			);
			inputPaths = (
			);
			name = "[CP] Check Pods Manifest.lock";
			outputPaths = (
			);
			runOnlyForDeploymentPostprocessing = 0;
			shellPath = /bin/sh;
			shellScript = "diff \"${PODS_ROOT}/../Podfile.lock\" \"${PODS_ROOT}/Manifest.lock\" > /dev/null\nif [[ $? != 0 ]] ; then\n    cat << EOM\nerror: The sandbox is not in sync with the Podfile.lock. Run 'pod install' or update your CocoaPods installation.\nEOM\n    exit 1\nfi\n";
			showEnvVarsInLog = 0;
		};
		9039FC653E73D3A0A2923956 /* [CP] Check Pods Manifest.lock */ = {
			isa = PBXShellScriptBuildPhase;
			buildActionMask = 2147483647;
			files = (
			);
			inputPaths = (
			);
			name = "[CP] Check Pods Manifest.lock";
			outputPaths = (
			);
			runOnlyForDeploymentPostprocessing = 0;
			shellPath = /bin/sh;
			shellScript = "diff \"${PODS_ROOT}/../Podfile.lock\" \"${PODS_ROOT}/Manifest.lock\" > /dev/null\nif [[ $? != 0 ]] ; then\n    cat << EOM\nerror: The sandbox is not in sync with the Podfile.lock. Run 'pod install' or update your CocoaPods installation.\nEOM\n    exit 1\nfi\n";
			showEnvVarsInLog = 0;
		};
		A165C899517304B88CD95F1F /* [CP] Check Pods Manifest.lock */ = {
			isa = PBXShellScriptBuildPhase;
			buildActionMask = 2147483647;
			files = (
			);
			inputPaths = (
			);
			name = "[CP] Check Pods Manifest.lock";
			outputPaths = (
			);
			runOnlyForDeploymentPostprocessing = 0;
			shellPath = /bin/sh;
			shellScript = "diff \"${PODS_ROOT}/../Podfile.lock\" \"${PODS_ROOT}/Manifest.lock\" > /dev/null\nif [[ $? != 0 ]] ; then\n    cat << EOM\nerror: The sandbox is not in sync with the Podfile.lock. Run 'pod install' or update your CocoaPods installation.\nEOM\n    exit 1\nfi\n";
			showEnvVarsInLog = 0;
		};
		BF3D982AEF37F685F1E0BC05 /* [CP] Embed Pods Frameworks */ = {
			isa = PBXShellScriptBuildPhase;
			buildActionMask = 2147483647;
			files = (
			);
			inputPaths = (
			);
			name = "[CP] Embed Pods Frameworks";
			outputPaths = (
			);
			runOnlyForDeploymentPostprocessing = 0;
			shellPath = /bin/sh;
			shellScript = "\"${SRCROOT}/Pods/Target Support Files/Pods-KodeoTests/Pods-KodeoTests-frameworks.sh\"\n";
			showEnvVarsInLog = 0;
		};
/* End PBXShellScriptBuildPhase section */

/* Begin PBXSourcesBuildPhase section */
		C247712D1CEA95C000D67B3B /* Sources */ = {
			isa = PBXSourcesBuildPhase;
			buildActionMask = 2147483647;
			files = (
				C24771371CEA95C000D67B3B /* ViewController.swift in Sources */,
				C24771351CEA95C000D67B3B /* AppDelegate.swift in Sources */,
				299586A21CF83F51000C4249 /* GraphView.swift in Sources */,
				C25A8F541CFFB9A0003C5CA4 /* FriendTableViewCell.swift in Sources */,
				C2F3D8D51CED323B0064DF4B /* UserManager.swift in Sources */,
				C2F3D8D31CED2FAF0064DF4B /* User.swift in Sources */,
				C25095DD1CEEA41F007E2F36 /* UserTableViewCell.swift in Sources */,
				C2DDEA8E1CF3DA36003E1BF3 /* FlowerChart.swift in Sources */,
				299586A41CF84285000C4249 /* UIColor+colorFromHex.swift in Sources */,
				C25A8F521CFFAD02003C5CA4 /* AddFriendViewController.swift in Sources */,
				C2DDEA881CF3D45D003E1BF3 /* DetailUserViewController.swift in Sources */,
				C2F3D8D71CED33FB0064DF4B /* Netwerker.swift in Sources */,
			);
			runOnlyForDeploymentPostprocessing = 0;
		};
		C24771411CEA95C000D67B3B /* Sources */ = {
			isa = PBXSourcesBuildPhase;
			buildActionMask = 2147483647;
			files = (
				C247714A1CEA95C000D67B3B /* KodeoTests.swift in Sources */,
			);
			runOnlyForDeploymentPostprocessing = 0;
		};
		C247714C1CEA95C000D67B3B /* Sources */ = {
			isa = PBXSourcesBuildPhase;
			buildActionMask = 2147483647;
			files = (
				C24771551CEA95C000D67B3B /* KodeoUITests.swift in Sources */,
			);
			runOnlyForDeploymentPostprocessing = 0;
		};
/* End PBXSourcesBuildPhase section */

/* Begin PBXTargetDependency section */
		C24771471CEA95C000D67B3B /* PBXTargetDependency */ = {
			isa = PBXTargetDependency;
			target = C24771301CEA95C000D67B3B /* Kodeo */;
			targetProxy = C24771461CEA95C000D67B3B /* PBXContainerItemProxy */;
		};
		C24771521CEA95C000D67B3B /* PBXTargetDependency */ = {
			isa = PBXTargetDependency;
			target = C24771301CEA95C000D67B3B /* Kodeo */;
			targetProxy = C24771511CEA95C000D67B3B /* PBXContainerItemProxy */;
		};
/* End PBXTargetDependency section */

/* Begin PBXVariantGroup section */
		C24771381CEA95C000D67B3B /* Main.storyboard */ = {
			isa = PBXVariantGroup;
			children = (
				C24771391CEA95C000D67B3B /* Base */,
			);
			name = Main.storyboard;
			sourceTree = "<group>";
		};
		C247713D1CEA95C000D67B3B /* LaunchScreen.storyboard */ = {
			isa = PBXVariantGroup;
			children = (
				C247713E1CEA95C000D67B3B /* Base */,
			);
			name = LaunchScreen.storyboard;
			sourceTree = "<group>";
		};
/* End PBXVariantGroup section */

/* Begin XCBuildConfiguration section */
		C24771571CEA95C000D67B3B /* Debug */ = {
			isa = XCBuildConfiguration;
			buildSettings = {
				ALWAYS_SEARCH_USER_PATHS = NO;
				CLANG_ANALYZER_NONNULL = YES;
				CLANG_CXX_LANGUAGE_STANDARD = "gnu++0x";
				CLANG_CXX_LIBRARY = "libc++";
				CLANG_ENABLE_MODULES = YES;
				CLANG_ENABLE_OBJC_ARC = YES;
				CLANG_WARN_BOOL_CONVERSION = YES;
				CLANG_WARN_CONSTANT_CONVERSION = YES;
				CLANG_WARN_DIRECT_OBJC_ISA_USAGE = YES_ERROR;
				CLANG_WARN_EMPTY_BODY = YES;
				CLANG_WARN_ENUM_CONVERSION = YES;
				CLANG_WARN_INT_CONVERSION = YES;
				CLANG_WARN_OBJC_ROOT_CLASS = YES_ERROR;
				CLANG_WARN_UNREACHABLE_CODE = YES;
				CLANG_WARN__DUPLICATE_METHOD_MATCH = YES;
				"CODE_SIGN_IDENTITY[sdk=iphoneos*]" = "iPhone Developer";
				COPY_PHASE_STRIP = NO;
				DEBUG_INFORMATION_FORMAT = dwarf;
				ENABLE_STRICT_OBJC_MSGSEND = YES;
				ENABLE_TESTABILITY = YES;
				GCC_C_LANGUAGE_STANDARD = gnu99;
				GCC_DYNAMIC_NO_PIC = NO;
				GCC_NO_COMMON_BLOCKS = YES;
				GCC_OPTIMIZATION_LEVEL = 0;
				GCC_PREPROCESSOR_DEFINITIONS = (
					"DEBUG=1",
					"$(inherited)",
				);
				GCC_WARN_64_TO_32_BIT_CONVERSION = YES;
				GCC_WARN_ABOUT_RETURN_TYPE = YES_ERROR;
				GCC_WARN_UNDECLARED_SELECTOR = YES;
				GCC_WARN_UNINITIALIZED_AUTOS = YES_AGGRESSIVE;
				GCC_WARN_UNUSED_FUNCTION = YES;
				GCC_WARN_UNUSED_VARIABLE = YES;
				IPHONEOS_DEPLOYMENT_TARGET = 9.3;
				MTL_ENABLE_DEBUG_INFO = YES;
				ONLY_ACTIVE_ARCH = YES;
				SDKROOT = iphoneos;
				SWIFT_OPTIMIZATION_LEVEL = "-Onone";
			};
			name = Debug;
		};
		C24771581CEA95C000D67B3B /* Release */ = {
			isa = XCBuildConfiguration;
			buildSettings = {
				ALWAYS_SEARCH_USER_PATHS = NO;
				CLANG_ANALYZER_NONNULL = YES;
				CLANG_CXX_LANGUAGE_STANDARD = "gnu++0x";
				CLANG_CXX_LIBRARY = "libc++";
				CLANG_ENABLE_MODULES = YES;
				CLANG_ENABLE_OBJC_ARC = YES;
				CLANG_WARN_BOOL_CONVERSION = YES;
				CLANG_WARN_CONSTANT_CONVERSION = YES;
				CLANG_WARN_DIRECT_OBJC_ISA_USAGE = YES_ERROR;
				CLANG_WARN_EMPTY_BODY = YES;
				CLANG_WARN_ENUM_CONVERSION = YES;
				CLANG_WARN_INT_CONVERSION = YES;
				CLANG_WARN_OBJC_ROOT_CLASS = YES_ERROR;
				CLANG_WARN_UNREACHABLE_CODE = YES;
				CLANG_WARN__DUPLICATE_METHOD_MATCH = YES;
				"CODE_SIGN_IDENTITY[sdk=iphoneos*]" = "iPhone Developer";
				COPY_PHASE_STRIP = NO;
				DEBUG_INFORMATION_FORMAT = "dwarf-with-dsym";
				ENABLE_NS_ASSERTIONS = NO;
				ENABLE_STRICT_OBJC_MSGSEND = YES;
				GCC_C_LANGUAGE_STANDARD = gnu99;
				GCC_NO_COMMON_BLOCKS = YES;
				GCC_WARN_64_TO_32_BIT_CONVERSION = YES;
				GCC_WARN_ABOUT_RETURN_TYPE = YES_ERROR;
				GCC_WARN_UNDECLARED_SELECTOR = YES;
				GCC_WARN_UNINITIALIZED_AUTOS = YES_AGGRESSIVE;
				GCC_WARN_UNUSED_FUNCTION = YES;
				GCC_WARN_UNUSED_VARIABLE = YES;
				IPHONEOS_DEPLOYMENT_TARGET = 9.3;
				MTL_ENABLE_DEBUG_INFO = NO;
				SDKROOT = iphoneos;
				VALIDATE_PRODUCT = YES;
			};
			name = Release;
		};
		C247715A1CEA95C000D67B3B /* Debug */ = {
			isa = XCBuildConfiguration;
			baseConfigurationReference = C0EF4254F8D5594D145F76A9 /* Pods-Kodeo.debug.xcconfig */;
			buildSettings = {
				ASSETCATALOG_COMPILER_APPICON_NAME = AppIcon;
				CODE_SIGN_IDENTITY = "iPhone Developer";
				"CODE_SIGN_IDENTITY[sdk=iphoneos*]" = "iPhone Developer";
				INFOPLIST_FILE = Kodeo/Info.plist;
				IPHONEOS_DEPLOYMENT_TARGET = 9.3;
				LD_RUNPATH_SEARCH_PATHS = "$(inherited) @executable_path/Frameworks";
				PRODUCT_BUNDLE_IDENTIFIER = farah.lucas.Kodeo;
				PRODUCT_NAME = "$(TARGET_NAME)";
				PROVISIONING_PROFILE = "";
			};
			name = Debug;
		};
		C247715B1CEA95C000D67B3B /* Release */ = {
			isa = XCBuildConfiguration;
			baseConfigurationReference = EE804699383505B42892A414 /* Pods-Kodeo.release.xcconfig */;
			buildSettings = {
				ASSETCATALOG_COMPILER_APPICON_NAME = AppIcon;
				CODE_SIGN_IDENTITY = "iPhone Developer";
				"CODE_SIGN_IDENTITY[sdk=iphoneos*]" = "iPhone Developer";
				INFOPLIST_FILE = Kodeo/Info.plist;
				IPHONEOS_DEPLOYMENT_TARGET = 9.3;
				LD_RUNPATH_SEARCH_PATHS = "$(inherited) @executable_path/Frameworks";
				PRODUCT_BUNDLE_IDENTIFIER = farah.lucas.Kodeo;
				PRODUCT_NAME = "$(TARGET_NAME)";
				PROVISIONING_PROFILE = "";
			};
			name = Release;
		};
		C247715D1CEA95C000D67B3B /* Debug */ = {
			isa = XCBuildConfiguration;
			baseConfigurationReference = 37FD7DF78096E9F6F45FCC43 /* Pods-KodeoTests.debug.xcconfig */;
			buildSettings = {
				BUNDLE_LOADER = "$(TEST_HOST)";
				INFOPLIST_FILE = KodeoTests/Info.plist;
				LD_RUNPATH_SEARCH_PATHS = "$(inherited) @executable_path/Frameworks @loader_path/Frameworks";
				PRODUCT_BUNDLE_IDENTIFIER = farah.lucas.KodeoTests;
				PRODUCT_NAME = "$(TARGET_NAME)";
				TEST_HOST = "$(BUILT_PRODUCTS_DIR)/Kodeo.app/Kodeo";
			};
			name = Debug;
		};
		C247715E1CEA95C000D67B3B /* Release */ = {
			isa = XCBuildConfiguration;
			baseConfigurationReference = C16ECF3439892E737248AD2E /* Pods-KodeoTests.release.xcconfig */;
			buildSettings = {
				BUNDLE_LOADER = "$(TEST_HOST)";
				INFOPLIST_FILE = KodeoTests/Info.plist;
				LD_RUNPATH_SEARCH_PATHS = "$(inherited) @executable_path/Frameworks @loader_path/Frameworks";
				PRODUCT_BUNDLE_IDENTIFIER = farah.lucas.KodeoTests;
				PRODUCT_NAME = "$(TARGET_NAME)";
				TEST_HOST = "$(BUILT_PRODUCTS_DIR)/Kodeo.app/Kodeo";
			};
			name = Release;
		};
		C24771601CEA95C000D67B3B /* Debug */ = {
			isa = XCBuildConfiguration;
			baseConfigurationReference = 01B8A769340791B8AE33726C /* Pods-KodeoUITests.debug.xcconfig */;
			buildSettings = {
				INFOPLIST_FILE = KodeoUITests/Info.plist;
				LD_RUNPATH_SEARCH_PATHS = "$(inherited) @executable_path/Frameworks @loader_path/Frameworks";
				PRODUCT_BUNDLE_IDENTIFIER = farah.lucas.KodeoUITests;
				PRODUCT_NAME = "$(TARGET_NAME)";
				TEST_TARGET_NAME = Kodeo;
			};
			name = Debug;
		};
		C24771611CEA95C000D67B3B /* Release */ = {
			isa = XCBuildConfiguration;
			baseConfigurationReference = 97A111E6C7BE3AE7E01C6169 /* Pods-KodeoUITests.release.xcconfig */;
			buildSettings = {
				INFOPLIST_FILE = KodeoUITests/Info.plist;
				LD_RUNPATH_SEARCH_PATHS = "$(inherited) @executable_path/Frameworks @loader_path/Frameworks";
				PRODUCT_BUNDLE_IDENTIFIER = farah.lucas.KodeoUITests;
				PRODUCT_NAME = "$(TARGET_NAME)";
				TEST_TARGET_NAME = Kodeo;
			};
			name = Release;
		};
/* End XCBuildConfiguration section */

/* Begin XCConfigurationList section */
		C247712C1CEA95C000D67B3B /* Build configuration list for PBXProject "Kodeo" */ = {
			isa = XCConfigurationList;
			buildConfigurations = (
				C24771571CEA95C000D67B3B /* Debug */,
				C24771581CEA95C000D67B3B /* Release */,
			);
			defaultConfigurationIsVisible = 0;
			defaultConfigurationName = Release;
		};
		C24771591CEA95C000D67B3B /* Build configuration list for PBXNativeTarget "Kodeo" */ = {
			isa = XCConfigurationList;
			buildConfigurations = (
				C247715A1CEA95C000D67B3B /* Debug */,
				C247715B1CEA95C000D67B3B /* Release */,
			);
			defaultConfigurationIsVisible = 0;
			defaultConfigurationName = Release;
		};
		C247715C1CEA95C000D67B3B /* Build configuration list for PBXNativeTarget "KodeoTests" */ = {
			isa = XCConfigurationList;
			buildConfigurations = (
				C247715D1CEA95C000D67B3B /* Debug */,
				C247715E1CEA95C000D67B3B /* Release */,
			);
			defaultConfigurationIsVisible = 0;
			defaultConfigurationName = Release;
		};
		C247715F1CEA95C000D67B3B /* Build configuration list for PBXNativeTarget "KodeoUITests" */ = {
			isa = XCConfigurationList;
			buildConfigurations = (
				C24771601CEA95C000D67B3B /* Debug */,
				C24771611CEA95C000D67B3B /* Release */,
			);
			defaultConfigurationIsVisible = 0;
			defaultConfigurationName = Release;
		};
/* End XCConfigurationList section */
	};
	rootObject = C24771291CEA95C000D67B3B /* Project object */;
}
